
Microsoft Visual Studio Solution File, Format Version 12.00
# Visual Studio Version 17
VisualStudioVersion = 17.5.33424.131
MinimumVisualStudioVersion = 10.0.40219.1
Project("{FAE04EC0-301F-11D3-BF4B-00C04F79EFBC}") = "bookStoreRecord", "bookStoreRecord\bookStoreRecord.csproj", "{6DEF16DD-520D-4A60-935C-92781C9CB532}"
EndProject
Global
	GlobalSection(SolutionConfigurationPlatforms) = preSolution
		Debug|Any CPU = Debug|Any CPU
		Release|Any CPU = Release|Any CPU
	EndGlobalSection
	GlobalSection(ProjectConfigurationPlatforms) = postSolution
		{6DEF16DD-520D-4A60-935C-92781C9CB532}.Debug|Any CPU.ActiveCfg = Debug|Any CPU
		{6DEF16DD-520D-4A60-935C-92781C9CB532}.Debug|Any CPU.Build.0 = Debug|Any CPU
		{6DEF16DD-520D-4A60-935C-92781C9CB532}.Release|Any CPU.ActiveCfg = Release|Any CPU
		{6DEF16DD-520D-4A60-935C-92781C9CB532}.Release|Any CPU.Build.0 = Release|Any CPU
	EndGlobalSection
	GlobalSection(SolutionProperties) = preSolution
		HideSolutionNode = FALSE
	EndGlobalSection
	GlobalSection(ExtensibilityGlobals) = postSolution
		SolutionGuid = {E137ABDF-F354-4C61-BEE6-92969A742C57}
	EndGlobalSection
EndGlobal
